// !$*UTF8*$!
{
	archiveVersion = 1;
	classes = {
	};
	objectVersion = 55;
	objects = {

/* Begin PBXBuildFile section */
		BAA02ECE27F22AD800FDD198 /* AppDelegate.swift in Sources */ = {isa = PBXBuildFile; fileRef = BAA02ECD27F22AD800FDD198 /* AppDelegate.swift */; };
		BAA02ED027F22AD800FDD198 /* SceneDelegate.swift in Sources */ = {isa = PBXBuildFile; fileRef = BAA02ECF27F22AD800FDD198 /* SceneDelegate.swift */; };
		BAA02ED227F22AD800FDD198 /* ViewController.swift in Sources */ = {isa = PBXBuildFile; fileRef = BAA02ED127F22AD800FDD198 /* ViewController.swift */; };
		BAA02ED527F22AD800FDD198 /* Main.storyboard in Resources */ = {isa = PBXBuildFile; fileRef = BAA02ED327F22AD800FDD198 /* Main.storyboard */; };
		BAA02ED727F22AD900FDD198 /* Assets.xcassets in Resources */ = {isa = PBXBuildFile; fileRef = BAA02ED627F22AD900FDD198 /* Assets.xcassets */; };
		BAA02EDA27F22AD900FDD198 /* LaunchScreen.storyboard in Resources */ = {isa = PBXBuildFile; fileRef = BAA02ED827F22AD900FDD198 /* LaunchScreen.storyboard */; };
		BAA02EE227F3781700FDD198 /* AppRouter.swift in Sources */ = {isa = PBXBuildFile; fileRef = BAA02EE127F3781700FDD198 /* AppRouter.swift */; };
		BAA02EE627F378B100FDD198 /* IntroductionBuilder.swift in Sources */ = {isa = PBXBuildFile; fileRef = BAA02EE527F378B100FDD198 /* IntroductionBuilder.swift */; };
		BAA02EE827F3790700FDD198 /* Introduction.storyboard in Resources */ = {isa = PBXBuildFile; fileRef = BAA02EE727F3790700FDD198 /* Introduction.storyboard */; };
		BAA02EEC27F3795C00FDD198 /* BaseRouter.swift in Sources */ = {isa = PBXBuildFile; fileRef = BAA02EEB27F3795C00FDD198 /* BaseRouter.swift */; };
		BAA02EEE27F3798300FDD198 /* IntroductionRouter.swift in Sources */ = {isa = PBXBuildFile; fileRef = BAA02EED27F3798300FDD198 /* IntroductionRouter.swift */; };
		BAA02EF027F379B300FDD198 /* IntroductionViewModel.swift in Sources */ = {isa = PBXBuildFile; fileRef = BAA02EEF27F379B300FDD198 /* IntroductionViewModel.swift */; };
		BAA02EF227F379F800FDD198 /* BaseViewModel.swift in Sources */ = {isa = PBXBuildFile; fileRef = BAA02EF127F379F800FDD198 /* BaseViewModel.swift */; };
		BAA02EF427F37A2800FDD198 /* IntroductionViewController.swift in Sources */ = {isa = PBXBuildFile; fileRef = BAA02EF327F37A2800FDD198 /* IntroductionViewController.swift */; };
		BAA02EF627F37A5200FDD198 /* BaseViewController.swift in Sources */ = {isa = PBXBuildFile; fileRef = BAA02EF527F37A5200FDD198 /* BaseViewController.swift */; };
		BAA02EF927F37BA700FDD198 /* Settings.swift in Sources */ = {isa = PBXBuildFile; fileRef = BAA02EF827F37BA700FDD198 /* Settings.swift */; };
		BAA02EFB27F37CF400FDD198 /* NavigationControllerViewController.swift in Sources */ = {isa = PBXBuildFile; fileRef = BAA02EFA27F37CF400FDD198 /* NavigationControllerViewController.swift */; };
		BAA02EFE27F37D3200FDD198 /* UIWindow.swift in Sources */ = {isa = PBXBuildFile; fileRef = BAA02EFD27F37D3200FDD198 /* UIWindow.swift */; };
		BAA02F0127F37FEE00FDD198 /* HereafterBuilder.swift in Sources */ = {isa = PBXBuildFile; fileRef = BAA02F0027F37FEE00FDD198 /* HereafterBuilder.swift */; };
		BAA02F0327F3804000FDD198 /* HereafterRouter.swift in Sources */ = {isa = PBXBuildFile; fileRef = BAA02F0227F3804000FDD198 /* HereafterRouter.swift */; };
		BAA02F0527F3807A00FDD198 /* HereafterViewController.swift in Sources */ = {isa = PBXBuildFile; fileRef = BAA02F0427F3807A00FDD198 /* HereafterViewController.swift */; };
		BAA02F0727F380AD00FDD198 /* HereafterViewModel.swift in Sources */ = {isa = PBXBuildFile; fileRef = BAA02F0627F380AD00FDD198 /* HereafterViewModel.swift */; };
		BAA02F0927F381AA00FDD198 /* Hereafter.storyboard in Resources */ = {isa = PBXBuildFile; fileRef = BAA02F0827F381AA00FDD198 /* Hereafter.storyboard */; };
		BAA02F0B27F4F01200FDD198 /* UIView+IBInspectable.swift in Sources */ = {isa = PBXBuildFile; fileRef = BAA02F0A27F4F01200FDD198 /* UIView+IBInspectable.swift */; };
		BAA02F0D27F5CB6000FDD198 /* UIImage.swift in Sources */ = {isa = PBXBuildFile; fileRef = BAA02F0C27F5CB6000FDD198 /* UIImage.swift */; };
		BAA02F1327F5D07600FDD198 /* ServiceError.swift in Sources */ = {isa = PBXBuildFile; fileRef = BAA02F1227F5D07600FDD198 /* ServiceError.swift */; };
		BAA02F1527F5D0A000FDD198 /* CommonDataProvider.swift in Sources */ = {isa = PBXBuildFile; fileRef = BAA02F1427F5D0A000FDD198 /* CommonDataProvider.swift */; };
		BAA02F1727F5D0BE00FDD198 /* LocalDataProvider.swift in Sources */ = {isa = PBXBuildFile; fileRef = BAA02F1627F5D0BE00FDD198 /* LocalDataProvider.swift */; };
		BAA02F1927F5D0DA00FDD198 /* NetworkDataProvider.swift in Sources */ = {isa = PBXBuildFile; fileRef = BAA02F1827F5D0DA00FDD198 /* NetworkDataProvider.swift */; };
		BAA02F1B27F5D11700FDD198 /* HTTPNetworkDataProvider.swift in Sources */ = {isa = PBXBuildFile; fileRef = BAA02F1A27F5D11700FDD198 /* HTTPNetworkDataProvider.swift */; };
		BAA02F1D27F7071500FDD198 /* TMDbService.swift in Sources */ = {isa = PBXBuildFile; fileRef = BAA02F1C27F7071500FDD198 /* TMDbService.swift */; };
		BAA02F1F27F7075D00FDD198 /* TMDbSettings.swift in Sources */ = {isa = PBXBuildFile; fileRef = BAA02F1E27F7075D00FDD198 /* TMDbSettings.swift */; };
		BAA02F2127F7093200FDD198 /* TMDbNetworkDataProvider.swift in Sources */ = {isa = PBXBuildFile; fileRef = BAA02F2027F7093200FDD198 /* TMDbNetworkDataProvider.swift */; };
		BAA02F2427F71D9800FDD198 /* AddBuilder.swift in Sources */ = {isa = PBXBuildFile; fileRef = BAA02F2327F71D9800FDD198 /* AddBuilder.swift */; };
		BAA02F2627F71F0B00FDD198 /* Add.storyboard in Resources */ = {isa = PBXBuildFile; fileRef = BAA02F2527F71F0B00FDD198 /* Add.storyboard */; };
		BAA02F2827F71F2B00FDD198 /* AddViewController.swift in Sources */ = {isa = PBXBuildFile; fileRef = BAA02F2727F71F2B00FDD198 /* AddViewController.swift */; };
		BAA02F2A27F71F6800FDD198 /* AddViewModel.swift in Sources */ = {isa = PBXBuildFile; fileRef = BAA02F2927F71F6800FDD198 /* AddViewModel.swift */; };
		BAA02F2C27F71F9800FDD198 /* AddRouter.swift in Sources */ = {isa = PBXBuildFile; fileRef = BAA02F2B27F71F9800FDD198 /* AddRouter.swift */; };
		BAA02F2E27F7271000FDD198 /* UIVIewController.swift in Sources */ = {isa = PBXBuildFile; fileRef = BAA02F2D27F7271000FDD198 /* UIVIewController.swift */; };
		BAA02F3127F7309D00FDD198 /* Movie.swift in Sources */ = {isa = PBXBuildFile; fileRef = BAA02F3027F7309D00FDD198 /* Movie.swift */; };
		BAA02F3427F730E500FDD198 /* MovieParser.swift in Sources */ = {isa = PBXBuildFile; fileRef = BAA02F3327F730E500FDD198 /* MovieParser.swift */; };
		BAA02F3727F7362900FDD198 /* MovieResponse.swift in Sources */ = {isa = PBXBuildFile; fileRef = BAA02F3627F7362900FDD198 /* MovieResponse.swift */; };
		BAA02F3927F7491300FDD198 /* CustomSearchBar.swift in Sources */ = {isa = PBXBuildFile; fileRef = BAA02F3827F7491300FDD198 /* CustomSearchBar.swift */; };
		BAC4282C27F8627D004EAB08 /* AddTableViewDataSource.swift in Sources */ = {isa = PBXBuildFile; fileRef = BAC4282B27F8627D004EAB08 /* AddTableViewDataSource.swift */; };
		BAC4282E27F8655E004EAB08 /* UITableView.swift in Sources */ = {isa = PBXBuildFile; fileRef = BAC4282D27F8655E004EAB08 /* UITableView.swift */; };
		BAC4283027F86611004EAB08 /* AddTableViewCell.swift in Sources */ = {isa = PBXBuildFile; fileRef = BAC4282F27F86611004EAB08 /* AddTableViewCell.swift */; };
		BAC4283227F86C87004EAB08 /* AddTableViewCell.xib in Resources */ = {isa = PBXBuildFile; fileRef = BAC4283127F86C86004EAB08 /* AddTableViewCell.xib */; };
		BAC4283427F87B5B004EAB08 /* AddTableViewDelegate.swift in Sources */ = {isa = PBXBuildFile; fileRef = BAC4283327F87B5B004EAB08 /* AddTableViewDelegate.swift */; };
		BAC4283627F898CC004EAB08 /* HereafterMovie.swift in Sources */ = {isa = PBXBuildFile; fileRef = BAC4283527F898CC004EAB08 /* HereafterMovie.swift */; };
/* End PBXBuildFile section */

/* Begin PBXFileReference section */
		BAA02ECA27F22AD800FDD198 /* Hafter.app */ = {isa = PBXFileReference; explicitFileType = wrapper.application; includeInIndex = 0; path = Hafter.app; sourceTree = BUILT_PRODUCTS_DIR; };
		BAA02ECD27F22AD800FDD198 /* AppDelegate.swift */ = {isa = PBXFileReference; lastKnownFileType = sourcecode.swift; path = AppDelegate.swift; sourceTree = "<group>"; };
		BAA02ECF27F22AD800FDD198 /* SceneDelegate.swift */ = {isa = PBXFileReference; lastKnownFileType = sourcecode.swift; path = SceneDelegate.swift; sourceTree = "<group>"; };
		BAA02ED127F22AD800FDD198 /* ViewController.swift */ = {isa = PBXFileReference; lastKnownFileType = sourcecode.swift; path = ViewController.swift; sourceTree = "<group>"; };
		BAA02ED427F22AD800FDD198 /* Base */ = {isa = PBXFileReference; lastKnownFileType = file.storyboard; name = Base; path = Base.lproj/Main.storyboard; sourceTree = "<group>"; };
		BAA02ED627F22AD900FDD198 /* Assets.xcassets */ = {isa = PBXFileReference; lastKnownFileType = folder.assetcatalog; path = Assets.xcassets; sourceTree = "<group>"; };
		BAA02ED927F22AD900FDD198 /* Base */ = {isa = PBXFileReference; lastKnownFileType = file.storyboard; name = Base; path = Base.lproj/LaunchScreen.storyboard; sourceTree = "<group>"; };
		BAA02EDB27F22AD900FDD198 /* Info.plist */ = {isa = PBXFileReference; lastKnownFileType = text.plist.xml; path = Info.plist; sourceTree = "<group>"; };
		BAA02EE127F3781700FDD198 /* AppRouter.swift */ = {isa = PBXFileReference; lastKnownFileType = sourcecode.swift; path = AppRouter.swift; sourceTree = "<group>"; };
		BAA02EE527F378B100FDD198 /* IntroductionBuilder.swift */ = {isa = PBXFileReference; lastKnownFileType = sourcecode.swift; path = IntroductionBuilder.swift; sourceTree = "<group>"; };
		BAA02EE727F3790700FDD198 /* Introduction.storyboard */ = {isa = PBXFileReference; lastKnownFileType = file.storyboard; path = Introduction.storyboard; sourceTree = "<group>"; };
		BAA02EEB27F3795C00FDD198 /* BaseRouter.swift */ = {isa = PBXFileReference; lastKnownFileType = sourcecode.swift; path = BaseRouter.swift; sourceTree = "<group>"; };
		BAA02EED27F3798300FDD198 /* IntroductionRouter.swift */ = {isa = PBXFileReference; lastKnownFileType = sourcecode.swift; path = IntroductionRouter.swift; sourceTree = "<group>"; };
		BAA02EEF27F379B300FDD198 /* IntroductionViewModel.swift */ = {isa = PBXFileReference; lastKnownFileType = sourcecode.swift; path = IntroductionViewModel.swift; sourceTree = "<group>"; };
		BAA02EF127F379F800FDD198 /* BaseViewModel.swift */ = {isa = PBXFileReference; lastKnownFileType = sourcecode.swift; path = BaseViewModel.swift; sourceTree = "<group>"; };
		BAA02EF327F37A2800FDD198 /* IntroductionViewController.swift */ = {isa = PBXFileReference; lastKnownFileType = sourcecode.swift; path = IntroductionViewController.swift; sourceTree = "<group>"; };
		BAA02EF527F37A5200FDD198 /* BaseViewController.swift */ = {isa = PBXFileReference; lastKnownFileType = sourcecode.swift; path = BaseViewController.swift; sourceTree = "<group>"; };
		BAA02EF827F37BA700FDD198 /* Settings.swift */ = {isa = PBXFileReference; lastKnownFileType = sourcecode.swift; path = Settings.swift; sourceTree = "<group>"; };
		BAA02EFA27F37CF400FDD198 /* NavigationControllerViewController.swift */ = {isa = PBXFileReference; lastKnownFileType = sourcecode.swift; path = NavigationControllerViewController.swift; sourceTree = "<group>"; };
		BAA02EFD27F37D3200FDD198 /* UIWindow.swift */ = {isa = PBXFileReference; lastKnownFileType = sourcecode.swift; path = UIWindow.swift; sourceTree = "<group>"; };
		BAA02F0027F37FEE00FDD198 /* HereafterBuilder.swift */ = {isa = PBXFileReference; lastKnownFileType = sourcecode.swift; path = HereafterBuilder.swift; sourceTree = "<group>"; };
		BAA02F0227F3804000FDD198 /* HereafterRouter.swift */ = {isa = PBXFileReference; lastKnownFileType = sourcecode.swift; path = HereafterRouter.swift; sourceTree = "<group>"; };
		BAA02F0427F3807A00FDD198 /* HereafterViewController.swift */ = {isa = PBXFileReference; lastKnownFileType = sourcecode.swift; path = HereafterViewController.swift; sourceTree = "<group>"; };
		BAA02F0627F380AD00FDD198 /* HereafterViewModel.swift */ = {isa = PBXFileReference; lastKnownFileType = sourcecode.swift; path = HereafterViewModel.swift; sourceTree = "<group>"; };
		BAA02F0827F381AA00FDD198 /* Hereafter.storyboard */ = {isa = PBXFileReference; lastKnownFileType = file.storyboard; path = Hereafter.storyboard; sourceTree = "<group>"; };
		BAA02F0A27F4F01200FDD198 /* UIView+IBInspectable.swift */ = {isa = PBXFileReference; lastKnownFileType = sourcecode.swift; path = "UIView+IBInspectable.swift"; sourceTree = "<group>"; };
		BAA02F0C27F5CB6000FDD198 /* UIImage.swift */ = {isa = PBXFileReference; lastKnownFileType = sourcecode.swift; path = UIImage.swift; sourceTree = "<group>"; };
		BAA02F1227F5D07600FDD198 /* ServiceError.swift */ = {isa = PBXFileReference; lastKnownFileType = sourcecode.swift; path = ServiceError.swift; sourceTree = "<group>"; };
		BAA02F1427F5D0A000FDD198 /* CommonDataProvider.swift */ = {isa = PBXFileReference; lastKnownFileType = sourcecode.swift; path = CommonDataProvider.swift; sourceTree = "<group>"; };
		BAA02F1627F5D0BE00FDD198 /* LocalDataProvider.swift */ = {isa = PBXFileReference; lastKnownFileType = sourcecode.swift; path = LocalDataProvider.swift; sourceTree = "<group>"; };
		BAA02F1827F5D0DA00FDD198 /* NetworkDataProvider.swift */ = {isa = PBXFileReference; lastKnownFileType = sourcecode.swift; path = NetworkDataProvider.swift; sourceTree = "<group>"; };
		BAA02F1A27F5D11700FDD198 /* HTTPNetworkDataProvider.swift */ = {isa = PBXFileReference; lastKnownFileType = sourcecode.swift; path = HTTPNetworkDataProvider.swift; sourceTree = "<group>"; };
		BAA02F1C27F7071500FDD198 /* TMDbService.swift */ = {isa = PBXFileReference; lastKnownFileType = sourcecode.swift; path = TMDbService.swift; sourceTree = "<group>"; };
		BAA02F1E27F7075D00FDD198 /* TMDbSettings.swift */ = {isa = PBXFileReference; lastKnownFileType = sourcecode.swift; path = TMDbSettings.swift; sourceTree = "<group>"; };
		BAA02F2027F7093200FDD198 /* TMDbNetworkDataProvider.swift */ = {isa = PBXFileReference; lastKnownFileType = sourcecode.swift; path = TMDbNetworkDataProvider.swift; sourceTree = "<group>"; };
		BAA02F2327F71D9800FDD198 /* AddBuilder.swift */ = {isa = PBXFileReference; lastKnownFileType = sourcecode.swift; path = AddBuilder.swift; sourceTree = "<group>"; };
		BAA02F2527F71F0B00FDD198 /* Add.storyboard */ = {isa = PBXFileReference; lastKnownFileType = file.storyboard; path = Add.storyboard; sourceTree = "<group>"; };
		BAA02F2727F71F2B00FDD198 /* AddViewController.swift */ = {isa = PBXFileReference; lastKnownFileType = sourcecode.swift; path = AddViewController.swift; sourceTree = "<group>"; };
		BAA02F2927F71F6800FDD198 /* AddViewModel.swift */ = {isa = PBXFileReference; lastKnownFileType = sourcecode.swift; path = AddViewModel.swift; sourceTree = "<group>"; };
		BAA02F2B27F71F9800FDD198 /* AddRouter.swift */ = {isa = PBXFileReference; lastKnownFileType = sourcecode.swift; path = AddRouter.swift; sourceTree = "<group>"; };
		BAA02F2D27F7271000FDD198 /* UIVIewController.swift */ = {isa = PBXFileReference; lastKnownFileType = sourcecode.swift; path = UIVIewController.swift; sourceTree = "<group>"; };
		BAA02F3027F7309D00FDD198 /* Movie.swift */ = {isa = PBXFileReference; lastKnownFileType = sourcecode.swift; path = Movie.swift; sourceTree = "<group>"; };
		BAA02F3327F730E500FDD198 /* MovieParser.swift */ = {isa = PBXFileReference; lastKnownFileType = sourcecode.swift; path = MovieParser.swift; sourceTree = "<group>"; };
		BAA02F3627F7362900FDD198 /* MovieResponse.swift */ = {isa = PBXFileReference; lastKnownFileType = sourcecode.swift; path = MovieResponse.swift; sourceTree = "<group>"; };
		BAA02F3827F7491300FDD198 /* CustomSearchBar.swift */ = {isa = PBXFileReference; lastKnownFileType = sourcecode.swift; path = CustomSearchBar.swift; sourceTree = "<group>"; };
		BAC4282B27F8627D004EAB08 /* AddTableViewDataSource.swift */ = {isa = PBXFileReference; lastKnownFileType = sourcecode.swift; path = AddTableViewDataSource.swift; sourceTree = "<group>"; };
		BAC4282D27F8655E004EAB08 /* UITableView.swift */ = {isa = PBXFileReference; lastKnownFileType = sourcecode.swift; path = UITableView.swift; sourceTree = "<group>"; };
		BAC4282F27F86611004EAB08 /* AddTableViewCell.swift */ = {isa = PBXFileReference; lastKnownFileType = sourcecode.swift; path = AddTableViewCell.swift; sourceTree = "<group>"; };
		BAC4283127F86C86004EAB08 /* AddTableViewCell.xib */ = {isa = PBXFileReference; lastKnownFileType = file.xib; path = AddTableViewCell.xib; sourceTree = "<group>"; };
		BAC4283327F87B5B004EAB08 /* AddTableViewDelegate.swift */ = {isa = PBXFileReference; lastKnownFileType = sourcecode.swift; path = AddTableViewDelegate.swift; sourceTree = "<group>"; };
		BAC4283527F898CC004EAB08 /* HereafterMovie.swift */ = {isa = PBXFileReference; lastKnownFileType = sourcecode.swift; path = HereafterMovie.swift; sourceTree = "<group>"; };
/* End PBXFileReference section */

/* Begin PBXFrameworksBuildPhase section */
		BAA02EC727F22AD800FDD198 /* Frameworks */ = {
			isa = PBXFrameworksBuildPhase;
			buildActionMask = 2147483647;
			files = (
			);
			runOnlyForDeploymentPostprocessing = 0;
		};
/* End PBXFrameworksBuildPhase section */

/* Begin PBXGroup section */
		BAA02EC127F22AD800FDD198 = {
			isa = PBXGroup;
			children = (
				BAA02ECC27F22AD800FDD198 /* Hafter */,
				BAA02ECB27F22AD800FDD198 /* Products */,
			);
			sourceTree = "<group>";
		};
		BAA02ECB27F22AD800FDD198 /* Products */ = {
			isa = PBXGroup;
			children = (
				BAA02ECA27F22AD800FDD198 /* Hafter.app */,
			);
			name = Products;
			sourceTree = "<group>";
		};
		BAA02ECC27F22AD800FDD198 /* Hafter */ = {
			isa = PBXGroup;
			children = (
				BAA02ECD27F22AD800FDD198 /* AppDelegate.swift */,
				BAA02F2F27F7308A00FDD198 /* Models */,
				BAA02ECF27F22AD800FDD198 /* SceneDelegate.swift */,
				BAA02F0E27F5D03700FDD198 /* Network */,
				BAA02EFC27F37D2300FDD198 /* Extensions */,
				BAA02EF727F37B8600FDD198 /* Settings */,
				BAA02EE127F3781700FDD198 /* AppRouter.swift */,
				BAA02EE927F3794300FDD198 /* UI */,
				BAA02EE327F3788400FDD198 /* Modules */,
				BAA02ED127F22AD800FDD198 /* ViewController.swift */,
				BAA02ED327F22AD800FDD198 /* Main.storyboard */,
				BAA02ED627F22AD900FDD198 /* Assets.xcassets */,
				BAA02ED827F22AD900FDD198 /* LaunchScreen.storyboard */,
				BAA02EDB27F22AD900FDD198 /* Info.plist */,
			);
			path = Hafter;
			sourceTree = "<group>";
		};
		BAA02EE327F3788400FDD198 /* Modules */ = {
			isa = PBXGroup;
			children = (
				BAA02F2227F71D8200FDD198 /* Add */,
				BAA02EFF27F37FBA00FDD198 /* Hereafter */,
				BAA02EE427F3789300FDD198 /* Introduction */,
			);
			path = Modules;
			sourceTree = "<group>";
		};
		BAA02EE427F3789300FDD198 /* Introduction */ = {
			isa = PBXGroup;
			children = (
				BAA02EE527F378B100FDD198 /* IntroductionBuilder.swift */,
				BAA02EED27F3798300FDD198 /* IntroductionRouter.swift */,
				BAA02EEF27F379B300FDD198 /* IntroductionViewModel.swift */,
				BAA02EF327F37A2800FDD198 /* IntroductionViewController.swift */,
				BAA02EE727F3790700FDD198 /* Introduction.storyboard */,
			);
			path = Introduction;
			sourceTree = "<group>";
		};
		BAA02EE927F3794300FDD198 /* UI */ = {
			isa = PBXGroup;
			children = (
				BAA02EEA27F3794A00FDD198 /* Common */,
				BAA02F3827F7491300FDD198 /* CustomSearchBar.swift */,
			);
			path = UI;
			sourceTree = "<group>";
		};
		BAA02EEA27F3794A00FDD198 /* Common */ = {
			isa = PBXGroup;
			children = (
				BAA02EEB27F3795C00FDD198 /* BaseRouter.swift */,
				BAA02EF527F37A5200FDD198 /* BaseViewController.swift */,
				BAA02EFA27F37CF400FDD198 /* NavigationControllerViewController.swift */,
				BAA02EF127F379F800FDD198 /* BaseViewModel.swift */,
			);
			path = Common;
			sourceTree = "<group>";
		};
		BAA02EF727F37B8600FDD198 /* Settings */ = {
			isa = PBXGroup;
			children = (
				BAA02EF827F37BA700FDD198 /* Settings.swift */,
				BAA02F1E27F7075D00FDD198 /* TMDbSettings.swift */,
			);
			path = Settings;
			sourceTree = "<group>";
		};
		BAA02EFC27F37D2300FDD198 /* Extensions */ = {
			isa = PBXGroup;
			children = (
				BAA02EFD27F37D3200FDD198 /* UIWindow.swift */,
				BAA02F2D27F7271000FDD198 /* UIVIewController.swift */,
				BAA02F0C27F5CB6000FDD198 /* UIImage.swift */,
				BAA02F0A27F4F01200FDD198 /* UIView+IBInspectable.swift */,
				BAC4282D27F8655E004EAB08 /* UITableView.swift */,
			);
			path = Extensions;
			sourceTree = "<group>";
		};
		BAA02EFF27F37FBA00FDD198 /* Hereafter */ = {
			isa = PBXGroup;
			children = (
				BAA02F0027F37FEE00FDD198 /* HereafterBuilder.swift */,
				BAA02F0227F3804000FDD198 /* HereafterRouter.swift */,
				BAA02F0827F381AA00FDD198 /* Hereafter.storyboard */,
				BAA02F0427F3807A00FDD198 /* HereafterViewController.swift */,
				BAA02F0627F380AD00FDD198 /* HereafterViewModel.swift */,
			);
			path = Hereafter;
			sourceTree = "<group>";
		};
		BAA02F0E27F5D03700FDD198 /* Network */ = {
			isa = PBXGroup;
			children = (
				BAA02F3527F7361000FDD198 /* Responses */,
				BAA02F3227F730C900FDD198 /* Parsers */,
				BAA02F1127F5D05600FDD198 /* Services */,
				BAA02F1027F5D04F00FDD198 /* Common */,
				BAA02F0F27F5D04300FDD198 /* Providers */,
			);
			path = Network;
			sourceTree = "<group>";
		};
		BAA02F0F27F5D04300FDD198 /* Providers */ = {
			isa = PBXGroup;
			children = (
				BAA02F1A27F5D11700FDD198 /* HTTPNetworkDataProvider.swift */,
				BAA02F2027F7093200FDD198 /* TMDbNetworkDataProvider.swift */,
			);
			path = Providers;
			sourceTree = "<group>";
		};
		BAA02F1027F5D04F00FDD198 /* Common */ = {
			isa = PBXGroup;
			children = (
				BAA02F1227F5D07600FDD198 /* ServiceError.swift */,
				BAA02F1427F5D0A000FDD198 /* CommonDataProvider.swift */,
				BAA02F1627F5D0BE00FDD198 /* LocalDataProvider.swift */,
				BAA02F1827F5D0DA00FDD198 /* NetworkDataProvider.swift */,
			);
			path = Common;
			sourceTree = "<group>";
		};
		BAA02F1127F5D05600FDD198 /* Services */ = {
			isa = PBXGroup;
			children = (
				BAA02F1C27F7071500FDD198 /* TMDbService.swift */,
			);
			path = Services;
			sourceTree = "<group>";
		};
		BAA02F2227F71D8200FDD198 /* Add */ = {
			isa = PBXGroup;
			children = (
				BAA02F2327F71D9800FDD198 /* AddBuilder.swift */,
				BAA02F2727F71F2B00FDD198 /* AddViewController.swift */,
				BAC4282B27F8627D004EAB08 /* AddTableViewDataSource.swift */,
				BAC4283327F87B5B004EAB08 /* AddTableViewDelegate.swift */,
				BAC4282F27F86611004EAB08 /* AddTableViewCell.swift */,
				BAC4283127F86C86004EAB08 /* AddTableViewCell.xib */,
				BAA02F2927F71F6800FDD198 /* AddViewModel.swift */,
				BAA02F2B27F71F9800FDD198 /* AddRouter.swift */,
				BAA02F2527F71F0B00FDD198 /* Add.storyboard */,
			);
			path = Add;
			sourceTree = "<group>";
		};
		BAA02F2F27F7308A00FDD198 /* Models */ = {
			isa = PBXGroup;
			children = (
				BAA02F3027F7309D00FDD198 /* Movie.swift */,
				BAC4283527F898CC004EAB08 /* HereafterMovie.swift */,
			);
			path = Models;
			sourceTree = "<group>";
		};
		BAA02F3227F730C900FDD198 /* Parsers */ = {
			isa = PBXGroup;
			children = (
				BAA02F3327F730E500FDD198 /* MovieParser.swift */,
			);
			path = Parsers;
			sourceTree = "<group>";
		};
		BAA02F3527F7361000FDD198 /* Responses */ = {
			isa = PBXGroup;
			children = (
				BAA02F3627F7362900FDD198 /* MovieResponse.swift */,
			);
			path = Responses;
			sourceTree = "<group>";
		};
/* End PBXGroup section */

/* Begin PBXNativeTarget section */
		BAA02EC927F22AD800FDD198 /* Hafter */ = {
			isa = PBXNativeTarget;
			buildConfigurationList = BAA02EDE27F22AD900FDD198 /* Build configuration list for PBXNativeTarget "Hafter" */;
			buildPhases = (
				BAA02EC627F22AD800FDD198 /* Sources */,
				BAA02EC727F22AD800FDD198 /* Frameworks */,
				BAA02EC827F22AD800FDD198 /* Resources */,
			);
			buildRules = (
			);
			dependencies = (
			);
			name = Hafter;
			productName = Hafter;
			productReference = BAA02ECA27F22AD800FDD198 /* Hafter.app */;
			productType = "com.apple.product-type.application";
		};
/* End PBXNativeTarget section */

/* Begin PBXProject section */
		BAA02EC227F22AD800FDD198 /* Project object */ = {
			isa = PBXProject;
			attributes = {
				BuildIndependentTargetsInParallel = 1;
				LastSwiftUpdateCheck = 1330;
				LastUpgradeCheck = 1330;
				TargetAttributes = {
					BAA02EC927F22AD800FDD198 = {
						CreatedOnToolsVersion = 13.3;
					};
				};
			};
			buildConfigurationList = BAA02EC527F22AD800FDD198 /* Build configuration list for PBXProject "Hafter" */;
			compatibilityVersion = "Xcode 13.0";
			developmentRegion = en;
			hasScannedForEncodings = 0;
			knownRegions = (
				en,
				Base,
			);
			mainGroup = BAA02EC127F22AD800FDD198;
			productRefGroup = BAA02ECB27F22AD800FDD198 /* Products */;
			projectDirPath = "";
			projectRoot = "";
			targets = (
				BAA02EC927F22AD800FDD198 /* Hafter */,
			);
		};
/* End PBXProject section */

/* Begin PBXResourcesBuildPhase section */
		BAA02EC827F22AD800FDD198 /* Resources */ = {
			isa = PBXResourcesBuildPhase;
			buildActionMask = 2147483647;
			files = (
				BAA02F0927F381AA00FDD198 /* Hereafter.storyboard in Resources */,
				BAC4283227F86C87004EAB08 /* AddTableViewCell.xib in Resources */,
				BAA02EE827F3790700FDD198 /* Introduction.storyboard in Resources */,
				BAA02EDA27F22AD900FDD198 /* LaunchScreen.storyboard in Resources */,
				BAA02ED727F22AD900FDD198 /* Assets.xcassets in Resources */,
				BAA02F2627F71F0B00FDD198 /* Add.storyboard in Resources */,
				BAA02ED527F22AD800FDD198 /* Main.storyboard in Resources */,
			);
			runOnlyForDeploymentPostprocessing = 0;
		};
/* End PBXResourcesBuildPhase section */

/* Begin PBXSourcesBuildPhase section */
		BAA02EC627F22AD800FDD198 /* Sources */ = {
			isa = PBXSourcesBuildPhase;
			buildActionMask = 2147483647;
			files = (
				BAA02EFB27F37CF400FDD198 /* NavigationControllerViewController.swift in Sources */,
				BAA02F0D27F5CB6000FDD198 /* UIImage.swift in Sources */,
				BAA02F0B27F4F01200FDD198 /* UIView+IBInspectable.swift in Sources */,
				BAA02EE627F378B100FDD198 /* IntroductionBuilder.swift in Sources */,
				BAA02EEE27F3798300FDD198 /* IntroductionRouter.swift in Sources */,
				BAC4283027F86611004EAB08 /* AddTableViewCell.swift in Sources */,
				BAA02EF627F37A5200FDD198 /* BaseViewController.swift in Sources */,
				BAA02F1F27F7075D00FDD198 /* TMDbSettings.swift in Sources */,
				BAA02EEC27F3795C00FDD198 /* BaseRouter.swift in Sources */,
				BAC4282C27F8627D004EAB08 /* AddTableViewDataSource.swift in Sources */,
				BAA02EE227F3781700FDD198 /* AppRouter.swift in Sources */,
				BAA02EF027F379B300FDD198 /* IntroductionViewModel.swift in Sources */,
				BAA02F1727F5D0BE00FDD198 /* LocalDataProvider.swift in Sources */,
				BAA02F1D27F7071500FDD198 /* TMDbService.swift in Sources */,
				BAA02F0327F3804000FDD198 /* HereafterRouter.swift in Sources */,
				BAA02F0527F3807A00FDD198 /* HereafterViewController.swift in Sources */,
				BAA02F2127F7093200FDD198 /* TMDbNetworkDataProvider.swift in Sources */,
				BAA02EFE27F37D3200FDD198 /* UIWindow.swift in Sources */,
				BAA02F3127F7309D00FDD198 /* Movie.swift in Sources */,
				BAA02F1327F5D07600FDD198 /* ServiceError.swift in Sources */,
				BAA02F2A27F71F6800FDD198 /* AddViewModel.swift in Sources */,
				BAA02EF927F37BA700FDD198 /* Settings.swift in Sources */,
				BAA02EF227F379F800FDD198 /* BaseViewModel.swift in Sources */,
				BAA02F2C27F71F9800FDD198 /* AddRouter.swift in Sources */,
				BAC4282E27F8655E004EAB08 /* UITableView.swift in Sources */,
				BAA02F3427F730E500FDD198 /* MovieParser.swift in Sources */,
				BAA02EF427F37A2800FDD198 /* IntroductionViewController.swift in Sources */,
				BAA02F2827F71F2B00FDD198 /* AddViewController.swift in Sources */,
				BAA02F3927F7491300FDD198 /* CustomSearchBar.swift in Sources */,
				BAA02F0727F380AD00FDD198 /* HereafterViewModel.swift in Sources */,
				BAA02F0127F37FEE00FDD198 /* HereafterBuilder.swift in Sources */,
				BAA02F1B27F5D11700FDD198 /* HTTPNetworkDataProvider.swift in Sources */,
				BAA02F1927F5D0DA00FDD198 /* NetworkDataProvider.swift in Sources */,
				BAA02ED227F22AD800FDD198 /* ViewController.swift in Sources */,
				BAA02F1527F5D0A000FDD198 /* CommonDataProvider.swift in Sources */,
				BAC4283627F898CC004EAB08 /* HereafterMovie.swift in Sources */,
				BAA02ECE27F22AD800FDD198 /* AppDelegate.swift in Sources */,
				BAA02F2427F71D9800FDD198 /* AddBuilder.swift in Sources */,
				BAA02F3727F7362900FDD198 /* MovieResponse.swift in Sources */,
				BAA02F2E27F7271000FDD198 /* UIVIewController.swift in Sources */,
				BAA02ED027F22AD800FDD198 /* SceneDelegate.swift in Sources */,
				BAC4283427F87B5B004EAB08 /* AddTableViewDelegate.swift in Sources */,
			);
			runOnlyForDeploymentPostprocessing = 0;
		};
/* End PBXSourcesBuildPhase section */

/* Begin PBXVariantGroup section */
		BAA02ED327F22AD800FDD198 /* Main.storyboard */ = {
			isa = PBXVariantGroup;
			children = (
				BAA02ED427F22AD800FDD198 /* Base */,
			);
			name = Main.storyboard;
			sourceTree = "<group>";
		};
		BAA02ED827F22AD900FDD198 /* LaunchScreen.storyboard */ = {
			isa = PBXVariantGroup;
			children = (
				BAA02ED927F22AD900FDD198 /* Base */,
			);
			name = LaunchScreen.storyboard;
			sourceTree = "<group>";
		};
/* End PBXVariantGroup section */

/* Begin XCBuildConfiguration section */
		BAA02EDC27F22AD900FDD198 /* Debug */ = {
			isa = XCBuildConfiguration;
			buildSettings = {
				ALWAYS_SEARCH_USER_PATHS = NO;
				CLANG_ANALYZER_NONNULL = YES;
				CLANG_ANALYZER_NUMBER_OBJECT_CONVERSION = YES_AGGRESSIVE;
				CLANG_CXX_LANGUAGE_STANDARD = "gnu++17";
				CLANG_ENABLE_MODULES = YES;
				CLANG_ENABLE_OBJC_ARC = YES;
				CLANG_ENABLE_OBJC_WEAK = YES;
				CLANG_WARN_BLOCK_CAPTURE_AUTORELEASING = YES;
				CLANG_WARN_BOOL_CONVERSION = YES;
				CLANG_WARN_COMMA = YES;
				CLANG_WARN_CONSTANT_CONVERSION = YES;
				CLANG_WARN_DEPRECATED_OBJC_IMPLEMENTATIONS = YES;
				CLANG_WARN_DIRECT_OBJC_ISA_USAGE = YES_ERROR;
				CLANG_WARN_DOCUMENTATION_COMMENTS = YES;
				CLANG_WARN_EMPTY_BODY = YES;
				CLANG_WARN_ENUM_CONVERSION = YES;
				CLANG_WARN_INFINITE_RECURSION = YES;
				CLANG_WARN_INT_CONVERSION = YES;
				CLANG_WARN_NON_LITERAL_NULL_CONVERSION = YES;
				CLANG_WARN_OBJC_IMPLICIT_RETAIN_SELF = YES;
				CLANG_WARN_OBJC_LITERAL_CONVERSION = YES;
				CLANG_WARN_OBJC_ROOT_CLASS = YES_ERROR;
				CLANG_WARN_QUOTED_INCLUDE_IN_FRAMEWORK_HEADER = YES;
				CLANG_WARN_RANGE_LOOP_ANALYSIS = YES;
				CLANG_WARN_STRICT_PROTOTYPES = YES;
				CLANG_WARN_SUSPICIOUS_MOVE = YES;
				CLANG_WARN_UNGUARDED_AVAILABILITY = YES_AGGRESSIVE;
				CLANG_WARN_UNREACHABLE_CODE = YES;
				CLANG_WARN__DUPLICATE_METHOD_MATCH = YES;
				COPY_PHASE_STRIP = NO;
				DEBUG_INFORMATION_FORMAT = dwarf;
				ENABLE_STRICT_OBJC_MSGSEND = YES;
				ENABLE_TESTABILITY = YES;
				GCC_C_LANGUAGE_STANDARD = gnu11;
				GCC_DYNAMIC_NO_PIC = NO;
				GCC_NO_COMMON_BLOCKS = YES;
				GCC_OPTIMIZATION_LEVEL = 0;
				GCC_PREPROCESSOR_DEFINITIONS = (
					"DEBUG=1",
					"$(inherited)",
				);
				GCC_WARN_64_TO_32_BIT_CONVERSION = YES;
				GCC_WARN_ABOUT_RETURN_TYPE = YES_ERROR;
				GCC_WARN_UNDECLARED_SELECTOR = YES;
				GCC_WARN_UNINITIALIZED_AUTOS = YES_AGGRESSIVE;
				GCC_WARN_UNUSED_FUNCTION = YES;
				GCC_WARN_UNUSED_VARIABLE = YES;
				IPHONEOS_DEPLOYMENT_TARGET = 15.4;
				MTL_ENABLE_DEBUG_INFO = INCLUDE_SOURCE;
				MTL_FAST_MATH = YES;
				ONLY_ACTIVE_ARCH = YES;
				SDKROOT = iphoneos;
				SWIFT_ACTIVE_COMPILATION_CONDITIONS = DEBUG;
				SWIFT_OPTIMIZATION_LEVEL = "-Onone";
			};
			name = Debug;
		};
		BAA02EDD27F22AD900FDD198 /* Release */ = {
			isa = XCBuildConfiguration;
			buildSettings = {
				ALWAYS_SEARCH_USER_PATHS = NO;
				CLANG_ANALYZER_NONNULL = YES;
				CLANG_ANALYZER_NUMBER_OBJECT_CONVERSION = YES_AGGRESSIVE;
				CLANG_CXX_LANGUAGE_STANDARD = "gnu++17";
				CLANG_ENABLE_MODULES = YES;
				CLANG_ENABLE_OBJC_ARC = YES;
				CLANG_ENABLE_OBJC_WEAK = YES;
				CLANG_WARN_BLOCK_CAPTURE_AUTORELEASING = YES;
				CLANG_WARN_BOOL_CONVERSION = YES;
				CLANG_WARN_COMMA = YES;
				CLANG_WARN_CONSTANT_CONVERSION = YES;
				CLANG_WARN_DEPRECATED_OBJC_IMPLEMENTATIONS = YES;
				CLANG_WARN_DIRECT_OBJC_ISA_USAGE = YES_ERROR;
				CLANG_WARN_DOCUMENTATION_COMMENTS = YES;
				CLANG_WARN_EMPTY_BODY = YES;
				CLANG_WARN_ENUM_CONVERSION = YES;
				CLANG_WARN_INFINITE_RECURSION = YES;
				CLANG_WARN_INT_CONVERSION = YES;
				CLANG_WARN_NON_LITERAL_NULL_CONVERSION = YES;
				CLANG_WARN_OBJC_IMPLICIT_RETAIN_SELF = YES;
				CLANG_WARN_OBJC_LITERAL_CONVERSION = YES;
				CLANG_WARN_OBJC_ROOT_CLASS = YES_ERROR;
				CLANG_WARN_QUOTED_INCLUDE_IN_FRAMEWORK_HEADER = YES;
				CLANG_WARN_RANGE_LOOP_ANALYSIS = YES;
				CLANG_WARN_STRICT_PROTOTYPES = YES;
				CLANG_WARN_SUSPICIOUS_MOVE = YES;
				CLANG_WARN_UNGUARDED_AVAILABILITY = YES_AGGRESSIVE;
				CLANG_WARN_UNREACHABLE_CODE = YES;
				CLANG_WARN__DUPLICATE_METHOD_MATCH = YES;
				COPY_PHASE_STRIP = NO;
				DEBUG_INFORMATION_FORMAT = "dwarf-with-dsym";
				ENABLE_NS_ASSERTIONS = NO;
				ENABLE_STRICT_OBJC_MSGSEND = YES;
				GCC_C_LANGUAGE_STANDARD = gnu11;
				GCC_NO_COMMON_BLOCKS = YES;
				GCC_WARN_64_TO_32_BIT_CONVERSION = YES;
				GCC_WARN_ABOUT_RETURN_TYPE = YES_ERROR;
				GCC_WARN_UNDECLARED_SELECTOR = YES;
				GCC_WARN_UNINITIALIZED_AUTOS = YES_AGGRESSIVE;
				GCC_WARN_UNUSED_FUNCTION = YES;
				GCC_WARN_UNUSED_VARIABLE = YES;
				IPHONEOS_DEPLOYMENT_TARGET = 15.4;
				MTL_ENABLE_DEBUG_INFO = NO;
				MTL_FAST_MATH = YES;
				SDKROOT = iphoneos;
				SWIFT_COMPILATION_MODE = wholemodule;
				SWIFT_OPTIMIZATION_LEVEL = "-O";
				VALIDATE_PRODUCT = YES;
			};
			name = Release;
		};
		BAA02EDF27F22AD900FDD198 /* Debug */ = {
			isa = XCBuildConfiguration;
			buildSettings = {
				ASSETCATALOG_COMPILER_APPICON_NAME = AppIcon;
				ASSETCATALOG_COMPILER_GLOBAL_ACCENT_COLOR_NAME = AccentColor;
				CODE_SIGN_STYLE = Automatic;
				CURRENT_PROJECT_VERSION = 1;
				DEVELOPMENT_TEAM = XRAX4DQMQ9;
				GENERATE_INFOPLIST_FILE = YES;
				INFOPLIST_FILE = Hafter/Info.plist;
				INFOPLIST_KEY_UIApplicationSupportsIndirectInputEvents = YES;
				INFOPLIST_KEY_UILaunchStoryboardName = LaunchScreen;
				INFOPLIST_KEY_UIMainStoryboardFile = Main;
				INFOPLIST_KEY_UISupportedInterfaceOrientations_iPad = "UIInterfaceOrientationPortrait UIInterfaceOrientationPortraitUpsideDown UIInterfaceOrientationLandscapeLeft UIInterfaceOrientationLandscapeRight";
				INFOPLIST_KEY_UISupportedInterfaceOrientations_iPhone = "UIInterfaceOrientationPortrait UIInterfaceOrientationLandscapeLeft UIInterfaceOrientationLandscapeRight";
				LD_RUNPATH_SEARCH_PATHS = (
					"$(inherited)",
					"@executable_path/Frameworks",
				);
				MARKETING_VERSION = 1.0;
				PRODUCT_BUNDLE_IDENTIFIER = app.hafter.olar.Hafter;
				PRODUCT_NAME = "$(TARGET_NAME)";
				SWIFT_EMIT_LOC_STRINGS = YES;
				SWIFT_VERSION = 5.0;
				TARGETED_DEVICE_FAMILY = "1,2";
			};
			name = Debug;
		};
		BAA02EE027F22AD900FDD198 /* Release */ = {
			isa = XCBuildConfiguration;
			buildSettings = {
				ASSETCATALOG_COMPILER_APPICON_NAME = AppIcon;
				ASSETCATALOG_COMPILER_GLOBAL_ACCENT_COLOR_NAME = AccentColor;
				CODE_SIGN_STYLE = Automatic;
				CURRENT_PROJECT_VERSION = 1;
				DEVELOPMENT_TEAM = XRAX4DQMQ9;
				GENERATE_INFOPLIST_FILE = YES;
				INFOPLIST_FILE = Hafter/Info.plist;
				INFOPLIST_KEY_UIApplicationSupportsIndirectInputEvents = YES;
				INFOPLIST_KEY_UILaunchStoryboardName = LaunchScreen;
				INFOPLIST_KEY_UIMainStoryboardFile = Main;
				INFOPLIST_KEY_UISupportedInterfaceOrientations_iPad = "UIInterfaceOrientationPortrait UIInterfaceOrientationPortraitUpsideDown UIInterfaceOrientationLandscapeLeft UIInterfaceOrientationLandscapeRight";
				INFOPLIST_KEY_UISupportedInterfaceOrientations_iPhone = "UIInterfaceOrientationPortrait UIInterfaceOrientationLandscapeLeft UIInterfaceOrientationLandscapeRight";
				LD_RUNPATH_SEARCH_PATHS = (
					"$(inherited)",
					"@executable_path/Frameworks",
				);
				MARKETING_VERSION = 1.0;
				PRODUCT_BUNDLE_IDENTIFIER = app.hafter.olar.Hafter;
				PRODUCT_NAME = "$(TARGET_NAME)";
				SWIFT_EMIT_LOC_STRINGS = YES;
				SWIFT_VERSION = 5.0;
				TARGETED_DEVICE_FAMILY = "1,2";
			};
			name = Release;
		};
/* End XCBuildConfiguration section */

/* Begin XCConfigurationList section */
		BAA02EC527F22AD800FDD198 /* Build configuration list for PBXProject "Hafter" */ = {
			isa = XCConfigurationList;
			buildConfigurations = (
				BAA02EDC27F22AD900FDD198 /* Debug */,
				BAA02EDD27F22AD900FDD198 /* Release */,
			);
			defaultConfigurationIsVisible = 0;
			defaultConfigurationName = Release;
		};
		BAA02EDE27F22AD900FDD198 /* Build configuration list for PBXNativeTarget "Hafter" */ = {
			isa = XCConfigurationList;
			buildConfigurations = (
				BAA02EDF27F22AD900FDD198 /* Debug */,
				BAA02EE027F22AD900FDD198 /* Release */,
			);
			defaultConfigurationIsVisible = 0;
			defaultConfigurationName = Release;
		};
/* End XCConfigurationList section */
	};
	rootObject = BAA02EC227F22AD800FDD198 /* Project object */;
}
